
Microsoft Visual Studio Solution File, Format Version 12.00
# Visual Studio 15
VisualStudioVersion = 15.0.26124.0
MinimumVisualStudioVersion = 15.0.26124.0
Project("{FAE04EC0-301F-11D3-BF4B-00C04F79EFBC}") = "PrivateCloud.Web", "PrivateCloud.Web\PrivateCloud.Web.csproj", "{3B88EA65-4A69-41B4-BF93-12AE4C9A75CE}"
EndProject
Project("{FAE04EC0-301F-11D3-BF4B-00C04F79EFBC}") = "PrivateCloud.Application", "PrivateCloud.Application\PrivateCloud.Application.csproj", "{A871BE45-25F7-47A6-AE05-CC1381FF10AB}"
EndProject
Project("{2150E333-8FDC-42A3-9474-1A3956D46DE8}") = "Infrastructure", "Infrastructure", "{20FA4E34-222A-4739-82A2-137BD26FB42A}"
EndProject
Project("{2150E333-8FDC-42A3-9474-1A3956D46DE8}") = "Application", "Application", "{EE7BBAE4-4DB4-488C-AEA4-9C4781D74C00}"
EndProject
Project("{2150E333-8FDC-42A3-9474-1A3956D46DE8}") = "Domain", "Domain", "{28BA4166-3329-4EE7-924C-AA47380A4520}"
EndProject
Project("{FAE04EC0-301F-11D3-BF4B-00C04F79EFBC}") = "PrivateCloud.Common", "PrivateCloud.Common\PrivateCloud.Common.csproj", "{312C6B74-54C6-43EE-A6AF-6F7280C297C0}"
EndProject
Project("{FAE04EC0-301F-11D3-BF4B-00C04F79EFBC}") = "PrivateCloud.EntityFrameworkCore", "PrivateCloud.EntityFrameworkCore\PrivateCloud.EntityFrameworkCore.csproj", "{E11B082D-51DA-4042-A5C2-B1B3426682C7}"
EndProject
Project("{FAE04EC0-301F-11D3-BF4B-00C04F79EFBC}") = "PrivateCloud.Domain", "PrivateCloud.Domain\PrivateCloud.Domain.csproj", "{2AB32165-41B3-434E-9870-8EC729FE93E8}"
EndProject
Project("{2150E333-8FDC-42A3-9474-1A3956D46DE8}") = "PrivateCloud", "PrivateCloud", "{30F00A0A-1A38-4322-9778-70EA7E568B32}"
EndProject
Project("{FAE04EC0-301F-11D3-BF4B-00C04F79EFBC}") = "PrivateCloud.Repository", "PrivateCloud.Repository\PrivateCloud.Repository.csproj", "{1F09E3EF-9B1D-4266-9678-5052C02A507A}"
EndProject
Global
	GlobalSection(SolutionConfigurationPlatforms) = preSolution
		Debug|Any CPU = Debug|Any CPU
		Debug|x64 = Debug|x64
		Debug|x86 = Debug|x86
		Release|Any CPU = Release|Any CPU
		Release|x64 = Release|x64
		Release|x86 = Release|x86
	EndGlobalSection
	GlobalSection(SolutionProperties) = preSolution
		HideSolutionNode = FALSE
	EndGlobalSection
	GlobalSection(ProjectConfigurationPlatforms) = postSolution
		{3B88EA65-4A69-41B4-BF93-12AE4C9A75CE}.Debug|Any CPU.ActiveCfg = Debug|Any CPU
		{3B88EA65-4A69-41B4-BF93-12AE4C9A75CE}.Debug|Any CPU.Build.0 = Debug|Any CPU
		{3B88EA65-4A69-41B4-BF93-12AE4C9A75CE}.Debug|x64.ActiveCfg = Debug|Any CPU
		{3B88EA65-4A69-41B4-BF93-12AE4C9A75CE}.Debug|x64.Build.0 = Debug|Any CPU
		{3B88EA65-4A69-41B4-BF93-12AE4C9A75CE}.Debug|x86.ActiveCfg = Debug|Any CPU
		{3B88EA65-4A69-41B4-BF93-12AE4C9A75CE}.Debug|x86.Build.0 = Debug|Any CPU
		{3B88EA65-4A69-41B4-BF93-12AE4C9A75CE}.Release|Any CPU.ActiveCfg = Release|Any CPU
		{3B88EA65-4A69-41B4-BF93-12AE4C9A75CE}.Release|Any CPU.Build.0 = Release|Any CPU
		{3B88EA65-4A69-41B4-BF93-12AE4C9A75CE}.Release|x64.ActiveCfg = Release|Any CPU
		{3B88EA65-4A69-41B4-BF93-12AE4C9A75CE}.Release|x64.Build.0 = Release|Any CPU
		{3B88EA65-4A69-41B4-BF93-12AE4C9A75CE}.Release|x86.ActiveCfg = Release|Any CPU
		{3B88EA65-4A69-41B4-BF93-12AE4C9A75CE}.Release|x86.Build.0 = Release|Any CPU
		{A871BE45-25F7-47A6-AE05-CC1381FF10AB}.Debug|Any CPU.ActiveCfg = Debug|Any CPU
		{A871BE45-25F7-47A6-AE05-CC1381FF10AB}.Debug|Any CPU.Build.0 = Debug|Any CPU
		{A871BE45-25F7-47A6-AE05-CC1381FF10AB}.Debug|x64.ActiveCfg = Debug|Any CPU
		{A871BE45-25F7-47A6-AE05-CC1381FF10AB}.Debug|x64.Build.0 = Debug|Any CPU
		{A871BE45-25F7-47A6-AE05-CC1381FF10AB}.Debug|x86.ActiveCfg = Debug|Any CPU
		{A871BE45-25F7-47A6-AE05-CC1381FF10AB}.Debug|x86.Build.0 = Debug|Any CPU
		{A871BE45-25F7-47A6-AE05-CC1381FF10AB}.Release|Any CPU.ActiveCfg = Release|Any CPU
		{A871BE45-25F7-47A6-AE05-CC1381FF10AB}.Release|Any CPU.Build.0 = Release|Any CPU
		{A871BE45-25F7-47A6-AE05-CC1381FF10AB}.Release|x64.ActiveCfg = Release|Any CPU
		{A871BE45-25F7-47A6-AE05-CC1381FF10AB}.Release|x64.Build.0 = Release|Any CPU
		{A871BE45-25F7-47A6-AE05-CC1381FF10AB}.Release|x86.ActiveCfg = Release|Any CPU
		{A871BE45-25F7-47A6-AE05-CC1381FF10AB}.Release|x86.Build.0 = Release|Any CPU
		{312C6B74-54C6-43EE-A6AF-6F7280C297C0}.Debug|Any CPU.ActiveCfg = Debug|Any CPU
		{312C6B74-54C6-43EE-A6AF-6F7280C297C0}.Debug|Any CPU.Build.0 = Debug|Any CPU
		{312C6B74-54C6-43EE-A6AF-6F7280C297C0}.Debug|x64.ActiveCfg = Debug|Any CPU
		{312C6B74-54C6-43EE-A6AF-6F7280C297C0}.Debug|x64.Build.0 = Debug|Any CPU
		{312C6B74-54C6-43EE-A6AF-6F7280C297C0}.Debug|x86.ActiveCfg = Debug|Any CPU
		{312C6B74-54C6-43EE-A6AF-6F7280C297C0}.Debug|x86.Build.0 = Debug|Any CPU
		{312C6B74-54C6-43EE-A6AF-6F7280C297C0}.Release|Any CPU.ActiveCfg = Release|Any CPU
		{312C6B74-54C6-43EE-A6AF-6F7280C297C0}.Release|Any CPU.Build.0 = Release|Any CPU
		{312C6B74-54C6-43EE-A6AF-6F7280C297C0}.Release|x64.ActiveCfg = Release|Any CPU
		{312C6B74-54C6-43EE-A6AF-6F7280C297C0}.Release|x64.Build.0 = Release|Any CPU
		{312C6B74-54C6-43EE-A6AF-6F7280C297C0}.Release|x86.ActiveCfg = Release|Any CPU
		{312C6B74-54C6-43EE-A6AF-6F7280C297C0}.Release|x86.Build.0 = Release|Any CPU
		{E11B082D-51DA-4042-A5C2-B1B3426682C7}.Debug|Any CPU.ActiveCfg = Debug|Any CPU
		{E11B082D-51DA-4042-A5C2-B1B3426682C7}.Debug|Any CPU.Build.0 = Debug|Any CPU
		{E11B082D-51DA-4042-A5C2-B1B3426682C7}.Debug|x64.ActiveCfg = Debug|Any CPU
		{E11B082D-51DA-4042-A5C2-B1B3426682C7}.Debug|x64.Build.0 = Debug|Any CPU
		{E11B082D-51DA-4042-A5C2-B1B3426682C7}.Debug|x86.ActiveCfg = Debug|Any CPU
		{E11B082D-51DA-4042-A5C2-B1B3426682C7}.Debug|x86.Build.0 = Debug|Any CPU
		{E11B082D-51DA-4042-A5C2-B1B3426682C7}.Release|Any CPU.ActiveCfg = Release|Any CPU
		{E11B082D-51DA-4042-A5C2-B1B3426682C7}.Release|Any CPU.Build.0 = Release|Any CPU
		{E11B082D-51DA-4042-A5C2-B1B3426682C7}.Release|x64.ActiveCfg = Release|Any CPU
		{E11B082D-51DA-4042-A5C2-B1B3426682C7}.Release|x64.Build.0 = Release|Any CPU
		{E11B082D-51DA-4042-A5C2-B1B3426682C7}.Release|x86.ActiveCfg = Release|Any CPU
		{E11B082D-51DA-4042-A5C2-B1B3426682C7}.Release|x86.Build.0 = Release|Any CPU
		{2AB32165-41B3-434E-9870-8EC729FE93E8}.Debug|Any CPU.ActiveCfg = Debug|Any CPU
		{2AB32165-41B3-434E-9870-8EC729FE93E8}.Debug|Any CPU.Build.0 = Debug|Any CPU
		{2AB32165-41B3-434E-9870-8EC729FE93E8}.Debug|x64.ActiveCfg = Debug|Any CPU
		{2AB32165-41B3-434E-9870-8EC729FE93E8}.Debug|x64.Build.0 = Debug|Any CPU
		{2AB32165-41B3-434E-9870-8EC729FE93E8}.Debug|x86.ActiveCfg = Debug|Any CPU
		{2AB32165-41B3-434E-9870-8EC729FE93E8}.Debug|x86.Build.0 = Debug|Any CPU
		{2AB32165-41B3-434E-9870-8EC729FE93E8}.Release|Any CPU.ActiveCfg = Release|Any CPU
		{2AB32165-41B3-434E-9870-8EC729FE93E8}.Release|Any CPU.Build.0 = Release|Any CPU
		{2AB32165-41B3-434E-9870-8EC729FE93E8}.Release|x64.ActiveCfg = Release|Any CPU
		{2AB32165-41B3-434E-9870-8EC729FE93E8}.Release|x64.Build.0 = Release|Any CPU
		{2AB32165-41B3-434E-9870-8EC729FE93E8}.Release|x86.ActiveCfg = Release|Any CPU
		{2AB32165-41B3-434E-9870-8EC729FE93E8}.Release|x86.Build.0 = Release|Any CPU
		{1F09E3EF-9B1D-4266-9678-5052C02A507A}.Debug|Any CPU.ActiveCfg = Debug|Any CPU
		{1F09E3EF-9B1D-4266-9678-5052C02A507A}.Debug|Any CPU.Build.0 = Debug|Any CPU
		{1F09E3EF-9B1D-4266-9678-5052C02A507A}.Debug|x64.ActiveCfg = Debug|Any CPU
		{1F09E3EF-9B1D-4266-9678-5052C02A507A}.Debug|x64.Build.0 = Debug|Any CPU
		{1F09E3EF-9B1D-4266-9678-5052C02A507A}.Debug|x86.ActiveCfg = Debug|Any CPU
		{1F09E3EF-9B1D-4266-9678-5052C02A507A}.Debug|x86.Build.0 = Debug|Any CPU
		{1F09E3EF-9B1D-4266-9678-5052C02A507A}.Release|Any CPU.ActiveCfg = Release|Any CPU
		{1F09E3EF-9B1D-4266-9678-5052C02A507A}.Release|Any CPU.Build.0 = Release|Any CPU
		{1F09E3EF-9B1D-4266-9678-5052C02A507A}.Release|x64.ActiveCfg = Release|Any CPU
		{1F09E3EF-9B1D-4266-9678-5052C02A507A}.Release|x64.Build.0 = Release|Any CPU
		{1F09E3EF-9B1D-4266-9678-5052C02A507A}.Release|x86.ActiveCfg = Release|Any CPU
		{1F09E3EF-9B1D-4266-9678-5052C02A507A}.Release|x86.Build.0 = Release|Any CPU
	EndGlobalSection
	GlobalSection(NestedProjects) = preSolution
		{A871BE45-25F7-47A6-AE05-CC1381FF10AB} = {EE7BBAE4-4DB4-488C-AEA4-9C4781D74C00}
		{312C6B74-54C6-43EE-A6AF-6F7280C297C0} = {20FA4E34-222A-4739-82A2-137BD26FB42A}
		{E11B082D-51DA-4042-A5C2-B1B3426682C7} = {20FA4E34-222A-4739-82A2-137BD26FB42A}
		{2AB32165-41B3-434E-9870-8EC729FE93E8} = {28BA4166-3329-4EE7-924C-AA47380A4520}
		{3B88EA65-4A69-41B4-BF93-12AE4C9A75CE} = {30F00A0A-1A38-4322-9778-70EA7E568B32}
		{1F09E3EF-9B1D-4266-9678-5052C02A507A} = {20FA4E34-222A-4739-82A2-137BD26FB42A}
	EndGlobalSection
EndGlobal
