
Microsoft Visual Studio Solution File, Format Version 12.00
# Visual Studio 15
VisualStudioVersion = 15.0.26124.0
MinimumVisualStudioVersion = 15.0.26124.0
Project("{FAE04EC0-301F-11D3-BF4B-00C04F79EFBC}") = "abp-demo2.HttpApi.Hosting", "abp-demo2.HttpApi.Hosting\abp-demo2.HttpApi.Hosting.csproj", "{3EEE2C6E-E439-48D0-8BBE-8A53603293C7}"
EndProject
Project("{FAE04EC0-301F-11D3-BF4B-00C04F79EFBC}") = "abp-demo2.UserCenter.HttpApi", "abp-demo2.UserCenter.HttpApi\abp-demo2.UserCenter.HttpApi.csproj", "{0EBACBD8-E015-424F-AD90-B422C5D48B40}"
EndProject
Project("{FAE04EC0-301F-11D3-BF4B-00C04F79EFBC}") = "abp-demo2.UserCenter.Application", "abp-demo2.UserCenter.Application\abp-demo2.UserCenter.Application.csproj", "{B4D50B82-F03D-40AE-816E-B46EE1BA5AD4}"
EndProject
Project("{FAE04EC0-301F-11D3-BF4B-00C04F79EFBC}") = "abp-demo2.UserCenter.Domain", "abp-demo2.UserCenter.Domain\abp-demo2.UserCenter.Domain.csproj", "{E422C335-9518-4BB1-A73F-149CD493B763}"
EndProject
Project("{FAE04EC0-301F-11D3-BF4B-00C04F79EFBC}") = "abp-demo2.UserCenter.EntityFrameworkCore", "abp-demo2.UserCenter.EntityFrameworkCore\abp-demo2.UserCenter.EntityFrameworkCore.csproj", "{6F230688-4533-4FE2-BEAE-D95BAD706F5F}"
EndProject
Global
	GlobalSection(SolutionConfigurationPlatforms) = preSolution
		Debug|Any CPU = Debug|Any CPU
		Debug|x64 = Debug|x64
		Debug|x86 = Debug|x86
		Release|Any CPU = Release|Any CPU
		Release|x64 = Release|x64
		Release|x86 = Release|x86
	EndGlobalSection
	GlobalSection(SolutionProperties) = preSolution
		HideSolutionNode = FALSE
	EndGlobalSection
	GlobalSection(ProjectConfigurationPlatforms) = postSolution
		{3EEE2C6E-E439-48D0-8BBE-8A53603293C7}.Debug|Any CPU.ActiveCfg = Debug|Any CPU
		{3EEE2C6E-E439-48D0-8BBE-8A53603293C7}.Debug|Any CPU.Build.0 = Debug|Any CPU
		{3EEE2C6E-E439-48D0-8BBE-8A53603293C7}.Debug|x64.ActiveCfg = Debug|Any CPU
		{3EEE2C6E-E439-48D0-8BBE-8A53603293C7}.Debug|x64.Build.0 = Debug|Any CPU
		{3EEE2C6E-E439-48D0-8BBE-8A53603293C7}.Debug|x86.ActiveCfg = Debug|Any CPU
		{3EEE2C6E-E439-48D0-8BBE-8A53603293C7}.Debug|x86.Build.0 = Debug|Any CPU
		{3EEE2C6E-E439-48D0-8BBE-8A53603293C7}.Release|Any CPU.ActiveCfg = Release|Any CPU
		{3EEE2C6E-E439-48D0-8BBE-8A53603293C7}.Release|Any CPU.Build.0 = Release|Any CPU
		{3EEE2C6E-E439-48D0-8BBE-8A53603293C7}.Release|x64.ActiveCfg = Release|Any CPU
		{3EEE2C6E-E439-48D0-8BBE-8A53603293C7}.Release|x64.Build.0 = Release|Any CPU
		{3EEE2C6E-E439-48D0-8BBE-8A53603293C7}.Release|x86.ActiveCfg = Release|Any CPU
		{3EEE2C6E-E439-48D0-8BBE-8A53603293C7}.Release|x86.Build.0 = Release|Any CPU
		{0EBACBD8-E015-424F-AD90-B422C5D48B40}.Debug|Any CPU.ActiveCfg = Debug|Any CPU
		{0EBACBD8-E015-424F-AD90-B422C5D48B40}.Debug|Any CPU.Build.0 = Debug|Any CPU
		{0EBACBD8-E015-424F-AD90-B422C5D48B40}.Debug|x64.ActiveCfg = Debug|Any CPU
		{0EBACBD8-E015-424F-AD90-B422C5D48B40}.Debug|x64.Build.0 = Debug|Any CPU
		{0EBACBD8-E015-424F-AD90-B422C5D48B40}.Debug|x86.ActiveCfg = Debug|Any CPU
		{0EBACBD8-E015-424F-AD90-B422C5D48B40}.Debug|x86.Build.0 = Debug|Any CPU
		{0EBACBD8-E015-424F-AD90-B422C5D48B40}.Release|Any CPU.ActiveCfg = Release|Any CPU
		{0EBACBD8-E015-424F-AD90-B422C5D48B40}.Release|Any CPU.Build.0 = Release|Any CPU
		{0EBACBD8-E015-424F-AD90-B422C5D48B40}.Release|x64.ActiveCfg = Release|Any CPU
		{0EBACBD8-E015-424F-AD90-B422C5D48B40}.Release|x64.Build.0 = Release|Any CPU
		{0EBACBD8-E015-424F-AD90-B422C5D48B40}.Release|x86.ActiveCfg = Release|Any CPU
		{0EBACBD8-E015-424F-AD90-B422C5D48B40}.Release|x86.Build.0 = Release|Any CPU
		{B4D50B82-F03D-40AE-816E-B46EE1BA5AD4}.Debug|Any CPU.ActiveCfg = Debug|Any CPU
		{B4D50B82-F03D-40AE-816E-B46EE1BA5AD4}.Debug|Any CPU.Build.0 = Debug|Any CPU
		{B4D50B82-F03D-40AE-816E-B46EE1BA5AD4}.Debug|x64.ActiveCfg = Debug|Any CPU
		{B4D50B82-F03D-40AE-816E-B46EE1BA5AD4}.Debug|x64.Build.0 = Debug|Any CPU
		{B4D50B82-F03D-40AE-816E-B46EE1BA5AD4}.Debug|x86.ActiveCfg = Debug|Any CPU
		{B4D50B82-F03D-40AE-816E-B46EE1BA5AD4}.Debug|x86.Build.0 = Debug|Any CPU
		{B4D50B82-F03D-40AE-816E-B46EE1BA5AD4}.Release|Any CPU.ActiveCfg = Release|Any CPU
		{B4D50B82-F03D-40AE-816E-B46EE1BA5AD4}.Release|Any CPU.Build.0 = Release|Any CPU
		{B4D50B82-F03D-40AE-816E-B46EE1BA5AD4}.Release|x64.ActiveCfg = Release|Any CPU
		{B4D50B82-F03D-40AE-816E-B46EE1BA5AD4}.Release|x64.Build.0 = Release|Any CPU
		{B4D50B82-F03D-40AE-816E-B46EE1BA5AD4}.Release|x86.ActiveCfg = Release|Any CPU
		{B4D50B82-F03D-40AE-816E-B46EE1BA5AD4}.Release|x86.Build.0 = Release|Any CPU
		{E422C335-9518-4BB1-A73F-149CD493B763}.Debug|Any CPU.ActiveCfg = Debug|Any CPU
		{E422C335-9518-4BB1-A73F-149CD493B763}.Debug|Any CPU.Build.0 = Debug|Any CPU
		{E422C335-9518-4BB1-A73F-149CD493B763}.Debug|x64.ActiveCfg = Debug|Any CPU
		{E422C335-9518-4BB1-A73F-149CD493B763}.Debug|x64.Build.0 = Debug|Any CPU
		{E422C335-9518-4BB1-A73F-149CD493B763}.Debug|x86.ActiveCfg = Debug|Any CPU
		{E422C335-9518-4BB1-A73F-149CD493B763}.Debug|x86.Build.0 = Debug|Any CPU
		{E422C335-9518-4BB1-A73F-149CD493B763}.Release|Any CPU.ActiveCfg = Release|Any CPU
		{E422C335-9518-4BB1-A73F-149CD493B763}.Release|Any CPU.Build.0 = Release|Any CPU
		{E422C335-9518-4BB1-A73F-149CD493B763}.Release|x64.ActiveCfg = Release|Any CPU
		{E422C335-9518-4BB1-A73F-149CD493B763}.Release|x64.Build.0 = Release|Any CPU
		{E422C335-9518-4BB1-A73F-149CD493B763}.Release|x86.ActiveCfg = Release|Any CPU
		{E422C335-9518-4BB1-A73F-149CD493B763}.Release|x86.Build.0 = Release|Any CPU
		{6F230688-4533-4FE2-BEAE-D95BAD706F5F}.Debug|Any CPU.ActiveCfg = Debug|Any CPU
		{6F230688-4533-4FE2-BEAE-D95BAD706F5F}.Debug|Any CPU.Build.0 = Debug|Any CPU
		{6F230688-4533-4FE2-BEAE-D95BAD706F5F}.Debug|x64.ActiveCfg = Debug|Any CPU
		{6F230688-4533-4FE2-BEAE-D95BAD706F5F}.Debug|x64.Build.0 = Debug|Any CPU
		{6F230688-4533-4FE2-BEAE-D95BAD706F5F}.Debug|x86.ActiveCfg = Debug|Any CPU
		{6F230688-4533-4FE2-BEAE-D95BAD706F5F}.Debug|x86.Build.0 = Debug|Any CPU
		{6F230688-4533-4FE2-BEAE-D95BAD706F5F}.Release|Any CPU.ActiveCfg = Release|Any CPU
		{6F230688-4533-4FE2-BEAE-D95BAD706F5F}.Release|Any CPU.Build.0 = Release|Any CPU
		{6F230688-4533-4FE2-BEAE-D95BAD706F5F}.Release|x64.ActiveCfg = Release|Any CPU
		{6F230688-4533-4FE2-BEAE-D95BAD706F5F}.Release|x64.Build.0 = Release|Any CPU
		{6F230688-4533-4FE2-BEAE-D95BAD706F5F}.Release|x86.ActiveCfg = Release|Any CPU
		{6F230688-4533-4FE2-BEAE-D95BAD706F5F}.Release|x86.Build.0 = Release|Any CPU
	EndGlobalSection
EndGlobal
